
Microsoft Visual Studio Solution File, Format Version 12.00
# Visual Studio Version 17
VisualStudioVersion = 17.6.33829.357
MinimumVisualStudioVersion = 10.0.40219.1
Project("{9A19103F-16F7-4668-BE54-9A1E7A4F7556}") = "DataAccess", "DataAccess\DataAccess.csproj", "{C4EDD112-2A4B-40DF-9C32-21A774E95DB9}"
EndProject
Project("{9A19103F-16F7-4668-BE54-9A1E7A4F7556}") = "Entities", "Entities\Entities.csproj", "{08C2AC5B-C671-4154-ADC3-12AD9F61900B}"
EndProject
Project("{9A19103F-16F7-4668-BE54-9A1E7A4F7556}") = "Business", "Business\Business.csproj", "{93A4E213-CC6E-4F95-B788-5434ADF476F4}"
EndProject
Project("{9A19103F-16F7-4668-BE54-9A1E7A4F7556}") = "ConsoleUI", "ConsoleUI\ConsoleUI.csproj", "{E7BD7F4D-2FE5-47EF-8738-B76C755E1282}"
EndProject
Global
	GlobalSection(SolutionConfigurationPlatforms) = preSolution
		Debug|Any CPU = Debug|Any CPU
		Release|Any CPU = Release|Any CPU
	EndGlobalSection
	GlobalSection(ProjectConfigurationPlatforms) = postSolution
		{C4EDD112-2A4B-40DF-9C32-21A774E95DB9}.Debug|Any CPU.ActiveCfg = Debug|Any CPU
		{C4EDD112-2A4B-40DF-9C32-21A774E95DB9}.Debug|Any CPU.Build.0 = Debug|Any CPU
		{C4EDD112-2A4B-40DF-9C32-21A774E95DB9}.Release|Any CPU.ActiveCfg = Release|Any CPU
		{C4EDD112-2A4B-40DF-9C32-21A774E95DB9}.Release|Any CPU.Build.0 = Release|Any CPU
		{08C2AC5B-C671-4154-ADC3-12AD9F61900B}.Debug|Any CPU.ActiveCfg = Debug|Any CPU
		{08C2AC5B-C671-4154-ADC3-12AD9F61900B}.Debug|Any CPU.Build.0 = Debug|Any CPU
		{08C2AC5B-C671-4154-ADC3-12AD9F61900B}.Release|Any CPU.ActiveCfg = Release|Any CPU
		{08C2AC5B-C671-4154-ADC3-12AD9F61900B}.Release|Any CPU.Build.0 = Release|Any CPU
		{93A4E213-CC6E-4F95-B788-5434ADF476F4}.Debug|Any CPU.ActiveCfg = Debug|Any CPU
		{93A4E213-CC6E-4F95-B788-5434ADF476F4}.Debug|Any CPU.Build.0 = Debug|Any CPU
		{93A4E213-CC6E-4F95-B788-5434ADF476F4}.Release|Any CPU.ActiveCfg = Release|Any CPU
		{93A4E213-CC6E-4F95-B788-5434ADF476F4}.Release|Any CPU.Build.0 = Release|Any CPU
		{E7BD7F4D-2FE5-47EF-8738-B76C755E1282}.Debug|Any CPU.ActiveCfg = Debug|Any CPU
		{E7BD7F4D-2FE5-47EF-8738-B76C755E1282}.Debug|Any CPU.Build.0 = Debug|Any CPU
		{E7BD7F4D-2FE5-47EF-8738-B76C755E1282}.Release|Any CPU.ActiveCfg = Release|Any CPU
		{E7BD7F4D-2FE5-47EF-8738-B76C755E1282}.Release|Any CPU.Build.0 = Release|Any CPU
	EndGlobalSection
	GlobalSection(SolutionProperties) = preSolution
		HideSolutionNode = FALSE
	EndGlobalSection
	GlobalSection(ExtensibilityGlobals) = postSolution
		SolutionGuid = {A97F0420-5B4F-4DA7-87A4-4B5EBD9D2B52}
	EndGlobalSection
EndGlobal
